
Microsoft Visual Studio Solution File, Format Version 12.00
# Visual Studio Version 17
VisualStudioVersion = 17.11.35327.3
MinimumVisualStudioVersion = 10.0.40219.1
Project("{FAE04EC0-301F-11D3-BF4B-00C04F79EFBC}") = "Ex001", "Ex001.csproj", "{19FE993B-55FE-4687-BB09-2776B1DD9A85}"
EndProject
Global
	GlobalSection(SolutionConfigurationPlatforms) = preSolution
		Debug|Any CPU = Debug|Any CPU
		Release|Any CPU = Release|Any CPU
	EndGlobalSection
	GlobalSection(ProjectConfigurationPlatforms) = postSolution
		{19FE993B-55FE-4687-BB09-2776B1DD9A85}.Debug|Any CPU.ActiveCfg = Debug|Any CPU
		{19FE993B-55FE-4687-BB09-2776B1DD9A85}.Debug|Any CPU.Build.0 = Debug|Any CPU
		{19FE993B-55FE-4687-BB09-2776B1DD9A85}.Release|Any CPU.ActiveCfg = Release|Any CPU
		{19FE993B-55FE-4687-BB09-2776B1DD9A85}.Release|Any CPU.Build.0 = Release|Any CPU
	EndGlobalSection
	GlobalSection(SolutionProperties) = preSolution
		HideSolutionNode = FALSE
	EndGlobalSection
	GlobalSection(ExtensibilityGlobals) = postSolution
		SolutionGuid = {EF52CF4B-6EEE-4605-B597-A77A8CD48567}
	EndGlobalSection
EndGlobal
