
Microsoft Visual Studio Solution File, Format Version 12.00
# Visual Studio Version 17
VisualStudioVersion = 17.11.35327.3
MinimumVisualStudioVersion = 10.0.40219.1
Project("{FAE04EC0-301F-11D3-BF4B-00C04F79EFBC}") = "Ex011", "Ex011.csproj", "{4D74B3EF-D7E1-4F12-83BB-78C9C81C846B}"
EndProject
Global
	GlobalSection(SolutionConfigurationPlatforms) = preSolution
		Debug|Any CPU = Debug|Any CPU
		Release|Any CPU = Release|Any CPU
	EndGlobalSection
	GlobalSection(ProjectConfigurationPlatforms) = postSolution
		{4D74B3EF-D7E1-4F12-83BB-78C9C81C846B}.Debug|Any CPU.ActiveCfg = Debug|Any CPU
		{4D74B3EF-D7E1-4F12-83BB-78C9C81C846B}.Debug|Any CPU.Build.0 = Debug|Any CPU
		{4D74B3EF-D7E1-4F12-83BB-78C9C81C846B}.Release|Any CPU.ActiveCfg = Release|Any CPU
		{4D74B3EF-D7E1-4F12-83BB-78C9C81C846B}.Release|Any CPU.Build.0 = Release|Any CPU
	EndGlobalSection
	GlobalSection(SolutionProperties) = preSolution
		HideSolutionNode = FALSE
	EndGlobalSection
	GlobalSection(ExtensibilityGlobals) = postSolution
		SolutionGuid = {85A095CF-05A2-48DD-9EAA-B0AFFCAF8308}
	EndGlobalSection
EndGlobal
